
Microsoft Visual Studio Solution File, Format Version 12.00
# Visual Studio Version 16
VisualStudioVersion = 16.0.30907.101
MinimumVisualStudioVersion = 10.0.40219.1
Project("{9A19103F-16F7-4668-BE54-9A1E7A4F7556}") = "Projektas", "Projektas\Projektas.csproj", "{36AC939A-096F-452A-975C-4048903EEAD5}"
EndProject
Project("{FAE04EC0-301F-11D3-BF4B-00C04F79EFBC}") = "XUnitTestProject", "XUnitTestProject\XUnitTestProject.csproj", "{7E409076-3A01-47A4-A61A-48C5CA201BC2}"
EndProject
Global
	GlobalSection(SolutionConfigurationPlatforms) = preSolution
		Debug|Any CPU = Debug|Any CPU
		Release|Any CPU = Release|Any CPU
	EndGlobalSection
	GlobalSection(ProjectConfigurationPlatforms) = postSolution
		{36AC939A-096F-452A-975C-4048903EEAD5}.Debug|Any CPU.ActiveCfg = Debug|Any CPU
		{36AC939A-096F-452A-975C-4048903EEAD5}.Debug|Any CPU.Build.0 = Debug|Any CPU
		{36AC939A-096F-452A-975C-4048903EEAD5}.Release|Any CPU.ActiveCfg = Release|Any CPU
		{36AC939A-096F-452A-975C-4048903EEAD5}.Release|Any CPU.Build.0 = Release|Any CPU
		{7E409076-3A01-47A4-A61A-48C5CA201BC2}.Debug|Any CPU.ActiveCfg = Debug|Any CPU
		{7E409076-3A01-47A4-A61A-48C5CA201BC2}.Debug|Any CPU.Build.0 = Debug|Any CPU
		{7E409076-3A01-47A4-A61A-48C5CA201BC2}.Release|Any CPU.ActiveCfg = Release|Any CPU
		{7E409076-3A01-47A4-A61A-48C5CA201BC2}.Release|Any CPU.Build.0 = Release|Any CPU
	EndGlobalSection
	GlobalSection(SolutionProperties) = preSolution
		HideSolutionNode = FALSE
	EndGlobalSection
	GlobalSection(ExtensibilityGlobals) = postSolution
		SolutionGuid = {41AC1CE2-C165-481B-8873-64760691789B}
	EndGlobalSection
EndGlobal
